
Microsoft Visual Studio Solution File, Format Version 12.00
# Visual Studio 2012
Project("{FAE04EC0-301F-11D3-BF4B-00C04F79EFBC}") = "Id.Mvc4.AjaxSearch.Example", "Id.Mvc4.Sample\Id.Mvc4.AjaxSearch.Example.csproj", "{5C82F5F3-8DB9-4923-B5AE-794ACCECD6BE}"
EndProject
Project("{2150E333-8FDC-42A3-9474-1A3956D46DE8}") = ".nuget", ".nuget", "{E7239F43-42E9-454C-A3F6-623E53072CA5}"
	ProjectSection(SolutionItems) = preProject
		.nuget\NuGet.Config = .nuget\NuGet.Config
		.nuget\NuGet.exe = .nuget\NuGet.exe
		.nuget\NuGet.targets = .nuget\NuGet.targets
	EndProjectSection
EndProject
Project("{2150E333-8FDC-42A3-9474-1A3956D46DE8}") = "Solution Items", "Solution Items", "{1E1BC138-D15E-4FC0-A924-1AE6477EF5BA}"
	ProjectSection(SolutionItems) = preProject
		README.md = README.md
	EndProjectSection
EndProject
Global
	GlobalSection(SolutionConfigurationPlatforms) = preSolution
		Debug|Any CPU = Debug|Any CPU
		Release|Any CPU = Release|Any CPU
	EndGlobalSection
	GlobalSection(ProjectConfigurationPlatforms) = postSolution
		{5C82F5F3-8DB9-4923-B5AE-794ACCECD6BE}.Debug|Any CPU.ActiveCfg = Debug|Any CPU
		{5C82F5F3-8DB9-4923-B5AE-794ACCECD6BE}.Debug|Any CPU.Build.0 = Debug|Any CPU
		{5C82F5F3-8DB9-4923-B5AE-794ACCECD6BE}.Release|Any CPU.ActiveCfg = Release|Any CPU
		{5C82F5F3-8DB9-4923-B5AE-794ACCECD6BE}.Release|Any CPU.Build.0 = Release|Any CPU
	EndGlobalSection
	GlobalSection(SolutionProperties) = preSolution
		HideSolutionNode = FALSE
	EndGlobalSection
EndGlobal
